# THIS IS AN AUTOGENERATED FILE. DO NOT EDIT THIS FILE DIRECTLY.
# yarn lockfile v1


atem-connection@0.2.1:
  version "0.2.1"
  resolved "https://registry.yarnpkg.com/atem-connection/-/atem-connection-0.2.1.tgz#8471a6f6fcf467df6428cccd7ea2743f2797b390"
  dependencies:
    pngjs "^3.3.2"
    tslib "^1.9.0"

pngjs@^3.3.2:
  version "3.3.3"
  resolved "https://registry.yarnpkg.com/pngjs/-/pngjs-3.3.3.tgz#85173703bde3edac8998757b96e5821d0966a21b"

tslib@^1.9.0:
  version "1.9.3"
  resolved "https://registry.yarnpkg.com/tslib/-/tslib-1.9.3.tgz#d7e4dd79245d85428c4d7e4822a79917954ca286"
