# THIS IS AN AUTOGENERATED FILE. DO NOT EDIT THIS FILE DIRECTLY.
# yarn lockfile v1


alawmulaw@^5.0.2:
  version "5.0.2"
  resolved "https://registry.yarnpkg.com/alawmulaw/-/alawmulaw-5.0.2.tgz#885a914933e3f3bc0bdd67534af669a20f17d4aa"

atem-connection@0.8.1:
  version "0.8.1"
  resolved "https://registry.yarnpkg.com/atem-connection/-/atem-connection-0.8.1.tgz#e7fadeab3a33ff5d15db157c8c8f1c2ca2ce23b8"
  dependencies:
    exit-hook "^2.0.0"
    nanotimer "^0.3.15"
    p-queue "^2.4.2"
    p-retry "^2.0.0"
    tslib "^1.9.0"
    wavefile "^8.4.4"

base64-arraybuffer-es6@^0.3.1:
  version "0.3.1"
  resolved "https://registry.yarnpkg.com/base64-arraybuffer-es6/-/base64-arraybuffer-es6-0.3.1.tgz#fdf0e382f4e2f56caf881f48ee0ce01ae79afe48"

bitdepth@^7.0.2:
  version "7.0.2"
  resolved "https://registry.yarnpkg.com/bitdepth/-/bitdepth-7.0.2.tgz#d9290de0e4b44ce5fc0c29f813c8f49fbdfa2eeb"

byte-data@^16.0.3:
  version "16.0.3"
  resolved "https://registry.yarnpkg.com/byte-data/-/byte-data-16.0.3.tgz#8abb3e212c9b026790a28c2d6c22fdc0515fd49d"
  dependencies:
    endianness "^8.0.2"
    ieee754-buffer "^0.2.1"
    twos-complement-buffer "0.0.1"
    uint-buffer "^0.1.0"
    utf8-buffer "^0.2.0"

endianness@^8.0.2:
  version "8.0.2"
  resolved "https://registry.yarnpkg.com/endianness/-/endianness-8.0.2.tgz#e35d16bbe80b6ff94fbc199168dd234d9f78168e"

exit-hook@^2.0.0:
  version "2.0.0"
  resolved "https://registry.yarnpkg.com/exit-hook/-/exit-hook-2.0.0.tgz#b89f6f69b7d080efc2807c66a85957722637db92"

ieee754-buffer@^0.2.1:
  version "0.2.1"
  resolved "https://registry.yarnpkg.com/ieee754-buffer/-/ieee754-buffer-0.2.1.tgz#7e0d7d381d228de949f06b71f1cfd971691271f6"

imaadpcm@^4.0.1:
  version "4.0.1"
  resolved "https://registry.yarnpkg.com/imaadpcm/-/imaadpcm-4.0.1.tgz#81ec853bd84024188f20c1622b9041a6a48acfe5"

nanotimer@^0.3.15:
  version "0.3.15"
  resolved "https://registry.yarnpkg.com/nanotimer/-/nanotimer-0.3.15.tgz#280d277db9146eca6f8a570b572abaf2a9acc754"

p-queue@^2.4.2:
  version "2.4.2"
  resolved "https://registry.yarnpkg.com/p-queue/-/p-queue-2.4.2.tgz#03609826682b743be9a22dba25051bd46724fc34"

p-retry@^2.0.0:
  version "2.0.0"
  resolved "https://registry.yarnpkg.com/p-retry/-/p-retry-2.0.0.tgz#b97f1f4d6d81a3c065b2b40107b811e995c1bfba"
  dependencies:
    retry "^0.12.0"

retry@^0.12.0:
  version "0.12.0"
  resolved "https://registry.yarnpkg.com/retry/-/retry-0.12.0.tgz#1b42a6266a21f07421d1b0b54b7dc167b01c013b"

tslib@^1.9.0:
  version "1.9.3"
  resolved "https://registry.yarnpkg.com/tslib/-/tslib-1.9.3.tgz#d7e4dd79245d85428c4d7e4822a79917954ca286"

twos-complement-buffer@0.0.1:
  version "0.0.1"
  resolved "https://registry.yarnpkg.com/twos-complement-buffer/-/twos-complement-buffer-0.0.1.tgz#e461a248d5c14a6d90afd031b2677f31da127d29"
  dependencies:
    uint-buffer "^0.1.0"

uint-buffer@^0.1.0:
  version "0.1.0"
  resolved "https://registry.yarnpkg.com/uint-buffer/-/uint-buffer-0.1.0.tgz#35f2f59fa253d338affcdb6f377750642bd1cf59"

utf8-buffer@^0.2.0:
  version "0.2.0"
  resolved "https://registry.yarnpkg.com/utf8-buffer/-/utf8-buffer-0.2.0.tgz#a4530a606d9d2b0348456a393eaf836b62fed2f3"

wavefile@^8.4.4:
  version "8.4.4"
  resolved "https://registry.yarnpkg.com/wavefile/-/wavefile-8.4.4.tgz#ac7edb271ec3cba4575ba5d934efd352f3ff3aad"
  dependencies:
    alawmulaw "^5.0.2"
    base64-arraybuffer-es6 "^0.3.1"
    bitdepth "^7.0.2"
    byte-data "^16.0.3"
    imaadpcm "^4.0.1"
